
Microsoft Visual Studio Solution File, Format Version 12.00
# Visual Studio Version 16
VisualStudioVersion = 16.0.29613.14
MinimumVisualStudioVersion = 10.0.40219.1
Project("{FAE04EC0-301F-11D3-BF4B-00C04F79EFBC}") = "CSharp.Data.Service", "CSharp.Data.Service.csproj", "{444BD342-D393-4D81-9AE1-11C4330922BA}"
EndProject
Global
	GlobalSection(SolutionConfigurationPlatforms) = preSolution
		Debug|Any CPU = Debug|Any CPU
		Release|Any CPU = Release|Any CPU
	EndGlobalSection
	GlobalSection(ProjectConfigurationPlatforms) = postSolution
		{444BD342-D393-4D81-9AE1-11C4330922BA}.Debug|Any CPU.ActiveCfg = Debug|Any CPU
		{444BD342-D393-4D81-9AE1-11C4330922BA}.Debug|Any CPU.Build.0 = Debug|Any CPU
		{444BD342-D393-4D81-9AE1-11C4330922BA}.Release|Any CPU.ActiveCfg = Release|Any CPU
		{444BD342-D393-4D81-9AE1-11C4330922BA}.Release|Any CPU.Build.0 = Release|Any CPU
	EndGlobalSection
	GlobalSection(SolutionProperties) = preSolution
		HideSolutionNode = FALSE
	EndGlobalSection
	GlobalSection(ExtensibilityGlobals) = postSolution
		SolutionGuid = {4909C685-4E04-4B07-9037-6852F91DE5BF}
	EndGlobalSection
EndGlobal
