
Microsoft Visual Studio Solution File, Format Version 12.00
# Visual Studio 15
VisualStudioVersion = 15.0.28307.271
MinimumVisualStudioVersion = 10.0.40219.1
Project("{FAE04EC0-301F-11D3-BF4B-00C04F79EFBC}") = "CSharp.Data.Service", "CSharp.Data.Service.csproj", "{69D3EDED-76B9-47D6-86B6-79C026923A39}"
EndProject
Global
	GlobalSection(SolutionConfigurationPlatforms) = preSolution
		Debug|Any CPU = Debug|Any CPU
		Release|Any CPU = Release|Any CPU
	EndGlobalSection
	GlobalSection(ProjectConfigurationPlatforms) = postSolution
		{69D3EDED-76B9-47D6-86B6-79C026923A39}.Debug|Any CPU.ActiveCfg = Debug|Any CPU
		{69D3EDED-76B9-47D6-86B6-79C026923A39}.Debug|Any CPU.Build.0 = Debug|Any CPU
		{69D3EDED-76B9-47D6-86B6-79C026923A39}.Release|Any CPU.ActiveCfg = Release|Any CPU
		{69D3EDED-76B9-47D6-86B6-79C026923A39}.Release|Any CPU.Build.0 = Release|Any CPU
	EndGlobalSection
	GlobalSection(SolutionProperties) = preSolution
		HideSolutionNode = FALSE
	EndGlobalSection
	GlobalSection(ExtensibilityGlobals) = postSolution
		SolutionGuid = {DBEF80FA-AFC8-4140-B2F3-B69195198500}
	EndGlobalSection
EndGlobal
